// !$*UTF8*$!
{
	archiveVersion = 1;
	classes = {
	};
	objectVersion = 48;
	objects = {

/* Begin PBXBuildFile section */
		D8AA3B912033D28500C5A1E2 /* main.m in Sources */ = {isa = PBXBuildFile; fileRef = D8AA3B902033D28500C5A1E2 /* main.m */; };
		D8AA3B992033D50700C5A1E2 /* AdditionQuestion.m in Sources */ = {isa = PBXBuildFile; fileRef = D8AA3B982033D50700C5A1E2 /* AdditionQuestion.m */; };
		D8AA3B9C2033E2C000C5A1E2 /* InputHandler.m in Sources */ = {isa = PBXBuildFile; fileRef = D8AA3B9B2033E2C000C5A1E2 /* InputHandler.m */; };
		D8AA3B9F2033F16700C5A1E2 /* ScoreKeeper.m in Sources */ = {isa = PBXBuildFile; fileRef = D8AA3B9E2033F16700C5A1E2 /* ScoreKeeper.m */; };
/* End PBXBuildFile section */

/* Begin PBXCopyFilesBuildPhase section */
		D8AA3B8B2033D28500C5A1E2 /* CopyFiles */ = {
			isa = PBXCopyFilesBuildPhase;
			buildActionMask = 2147483647;
			dstPath = /usr/share/man/man1/;
			dstSubfolderSpec = 0;
			files = (
			);
			runOnlyForDeploymentPostprocessing = 1;
		};
/* End PBXCopyFilesBuildPhase section */

/* Begin PBXFileReference section */
		D8AA3B8D2033D28500C5A1E2 /* Maths */ = {isa = PBXFileReference; explicitFileType = "compiled.mach-o.executable"; includeInIndex = 0; path = Maths; sourceTree = BUILT_PRODUCTS_DIR; };
		D8AA3B902033D28500C5A1E2 /* main.m */ = {isa = PBXFileReference; lastKnownFileType = sourcecode.c.objc; path = main.m; sourceTree = "<group>"; };
		D8AA3B972033D50700C5A1E2 /* AdditionQuestion.h */ = {isa = PBXFileReference; lastKnownFileType = sourcecode.c.h; path = AdditionQuestion.h; sourceTree = "<group>"; };
		D8AA3B982033D50700C5A1E2 /* AdditionQuestion.m */ = {isa = PBXFileReference; lastKnownFileType = sourcecode.c.objc; path = AdditionQuestion.m; sourceTree = "<group>"; };
		D8AA3B9A2033E2C000C5A1E2 /* InputHandler.h */ = {isa = PBXFileReference; lastKnownFileType = sourcecode.c.h; path = InputHandler.h; sourceTree = "<group>"; };
		D8AA3B9B2033E2C000C5A1E2 /* InputHandler.m */ = {isa = PBXFileReference; lastKnownFileType = sourcecode.c.objc; path = InputHandler.m; sourceTree = "<group>"; };
		D8AA3B9D2033F16700C5A1E2 /* ScoreKeeper.h */ = {isa = PBXFileReference; lastKnownFileType = sourcecode.c.h; path = ScoreKeeper.h; sourceTree = "<group>"; };
		D8AA3B9E2033F16700C5A1E2 /* ScoreKeeper.m */ = {isa = PBXFileReference; lastKnownFileType = sourcecode.c.objc; path = ScoreKeeper.m; sourceTree = "<group>"; };
/* End PBXFileReference section */

/* Begin PBXFrameworksBuildPhase section */
		D8AA3B8A2033D28500C5A1E2 /* Frameworks */ = {
			isa = PBXFrameworksBuildPhase;
			buildActionMask = 2147483647;
			files = (
			);
			runOnlyForDeploymentPostprocessing = 0;
		};
/* End PBXFrameworksBuildPhase section */

/* Begin PBXGroup section */
		D8AA3B842033D28500C5A1E2 = {
			isa = PBXGroup;
			children = (
				D8AA3B8F2033D28500C5A1E2 /* Maths */,
				D8AA3B8E2033D28500C5A1E2 /* Products */,
			);
			sourceTree = "<group>";
		};
		D8AA3B8E2033D28500C5A1E2 /* Products */ = {
			isa = PBXGroup;
			children = (
				D8AA3B8D2033D28500C5A1E2 /* Maths */,
			);
			name = Products;
			sourceTree = "<group>";
		};
		D8AA3B8F2033D28500C5A1E2 /* Maths */ = {
			isa = PBXGroup;
			children = (
				D8AA3B902033D28500C5A1E2 /* main.m */,
				D8AA3B9D2033F16700C5A1E2 /* ScoreKeeper.h */,
				D8AA3B9E2033F16700C5A1E2 /* ScoreKeeper.m */,
				D8AA3B9A2033E2C000C5A1E2 /* InputHandler.h */,
				D8AA3B9B2033E2C000C5A1E2 /* InputHandler.m */,
				D8AA3B972033D50700C5A1E2 /* AdditionQuestion.h */,
				D8AA3B982033D50700C5A1E2 /* AdditionQuestion.m */,
			);
			path = Maths;
			sourceTree = "<group>";
		};
/* End PBXGroup section */

/* Begin PBXNativeTarget section */
		D8AA3B8C2033D28500C5A1E2 /* Maths */ = {
			isa = PBXNativeTarget;
			buildConfigurationList = D8AA3B942033D28500C5A1E2 /* Build configuration list for PBXNativeTarget "Maths" */;
			buildPhases = (
				D8AA3B892033D28500C5A1E2 /* Sources */,
				D8AA3B8A2033D28500C5A1E2 /* Frameworks */,
				D8AA3B8B2033D28500C5A1E2 /* CopyFiles */,
			);
			buildRules = (
			);
			dependencies = (
			);
			name = Maths;
			productName = Maths;
			productReference = D8AA3B8D2033D28500C5A1E2 /* Maths */;
			productType = "com.apple.product-type.tool";
		};
/* End PBXNativeTarget section */

/* Begin PBXProject section */
		D8AA3B852033D28500C5A1E2 /* Project object */ = {
			isa = PBXProject;
			attributes = {
				LastUpgradeCheck = 0920;
				ORGANIZATIONNAME = "Nathan Hsu";
				TargetAttributes = {
					D8AA3B8C2033D28500C5A1E2 = {
						CreatedOnToolsVersion = 9.2;
						ProvisioningStyle = Automatic;
					};
				};
			};
			buildConfigurationList = D8AA3B882033D28500C5A1E2 /* Build configuration list for PBXProject "Maths" */;
			compatibilityVersion = "Xcode 8.0";
			developmentRegion = en;
			hasScannedForEncodings = 0;
			knownRegions = (
				en,
			);
			mainGroup = D8AA3B842033D28500C5A1E2;
			productRefGroup = D8AA3B8E2033D28500C5A1E2 /* Products */;
			projectDirPath = "";
			projectRoot = "";
			targets = (
				D8AA3B8C2033D28500C5A1E2 /* Maths */,
			);
		};
/* End PBXProject section */

/* Begin PBXSourcesBuildPhase section */
		D8AA3B892033D28500C5A1E2 /* Sources */ = {
			isa = PBXSourcesBuildPhase;
			buildActionMask = 2147483647;
			files = (
				D8AA3B9F2033F16700C5A1E2 /* ScoreKeeper.m in Sources */,
				D8AA3B912033D28500C5A1E2 /* main.m in Sources */,
				D8AA3B9C2033E2C000C5A1E2 /* InputHandler.m in Sources */,
				D8AA3B992033D50700C5A1E2 /* AdditionQuestion.m in Sources */,
			);
			runOnlyForDeploymentPostprocessing = 0;
		};
/* End PBXSourcesBuildPhase section */

/* Begin XCBuildConfiguration section */
		D8AA3B922033D28500C5A1E2 /* Debug */ = {
			isa = XCBuildConfiguration;
			buildSettings = {
				ALWAYS_SEARCH_USER_PATHS = NO;
				CLANG_ANALYZER_NONNULL = YES;
				CLANG_ANALYZER_NUMBER_OBJECT_CONVERSION = YES_AGGRESSIVE;
				CLANG_CXX_LANGUAGE_STANDARD = "gnu++14";
				CLANG_CXX_LIBRARY = "libc++";
				CLANG_ENABLE_MODULES = YES;
				CLANG_ENABLE_OBJC_ARC = YES;
				CLANG_WARN_BLOCK_CAPTURE_AUTORELEASING = YES;
				CLANG_WARN_BOOL_CONVERSION = YES;
				CLANG_WARN_COMMA = YES;
				CLANG_WARN_CONSTANT_CONVERSION = YES;
				CLANG_WARN_DIRECT_OBJC_ISA_USAGE = YES_ERROR;
				CLANG_WARN_DOCUMENTATION_COMMENTS = YES;
				CLANG_WARN_EMPTY_BODY = YES;
				CLANG_WARN_ENUM_CONVERSION = YES;
				CLANG_WARN_INFINITE_RECURSION = YES;
				CLANG_WARN_INT_CONVERSION = YES;
				CLANG_WARN_NON_LITERAL_NULL_CONVERSION = YES;
				CLANG_WARN_OBJC_LITERAL_CONVERSION = YES;
				CLANG_WARN_OBJC_ROOT_CLASS = YES_ERROR;
				CLANG_WARN_RANGE_LOOP_ANALYSIS = YES;
				CLANG_WARN_STRICT_PROTOTYPES = YES;
				CLANG_WARN_SUSPICIOUS_MOVE = YES;
				CLANG_WARN_UNGUARDED_AVAILABILITY = YES_AGGRESSIVE;
				CLANG_WARN_UNREACHABLE_CODE = YES;
				CLANG_WARN__DUPLICATE_METHOD_MATCH = YES;
				CODE_SIGN_IDENTITY = "-";
				COPY_PHASE_STRIP = NO;
				DEBUG_INFORMATION_FORMAT = dwarf;
				ENABLE_STRICT_OBJC_MSGSEND = YES;
				ENABLE_TESTABILITY = YES;
				GCC_C_LANGUAGE_STANDARD = gnu11;
				GCC_DYNAMIC_NO_PIC = NO;
				GCC_NO_COMMON_BLOCKS = YES;
				GCC_OPTIMIZATION_LEVEL = 0;
				GCC_PREPROCESSOR_DEFINITIONS = (
					"DEBUG=1",
					"$(inherited)",
				);
				GCC_WARN_64_TO_32_BIT_CONVERSION = YES;
				GCC_WARN_ABOUT_RETURN_TYPE = YES_ERROR;
				GCC_WARN_UNDECLARED_SELECTOR = YES;
				GCC_WARN_UNINITIALIZED_AUTOS = YES_AGGRESSIVE;
				GCC_WARN_UNUSED_FUNCTION = YES;
				GCC_WARN_UNUSED_VARIABLE = YES;
				MACOSX_DEPLOYMENT_TARGET = 10.13;
				MTL_ENABLE_DEBUG_INFO = YES;
				ONLY_ACTIVE_ARCH = YES;
				SDKROOT = macosx;
			};
			name = Debug;
		};
		D8AA3B932033D28500C5A1E2 /* Release */ = {
			isa = XCBuildConfiguration;
			buildSettings = {
				ALWAYS_SEARCH_USER_PATHS = NO;
				CLANG_ANALYZER_NONNULL = YES;
				CLANG_ANALYZER_NUMBER_OBJECT_CONVERSION = YES_AGGRESSIVE;
				CLANG_CXX_LANGUAGE_STANDARD = "gnu++14";
				CLANG_CXX_LIBRARY = "libc++";
				CLANG_ENABLE_MODULES = YES;
				CLANG_ENABLE_OBJC_ARC = YES;
				CLANG_WARN_BLOCK_CAPTURE_AUTORELEASING = YES;
				CLANG_WARN_BOOL_CONVERSION = YES;
				CLANG_WARN_COMMA = YES;
				CLANG_WARN_CONSTANT_CONVERSION = YES;
				CLANG_WARN_DIRECT_OBJC_ISA_USAGE = YES_ERROR;
				CLANG_WARN_DOCUMENTATION_COMMENTS = YES;
				CLANG_WARN_EMPTY_BODY = YES;
				CLANG_WARN_ENUM_CONVERSION = YES;
				CLANG_WARN_INFINITE_RECURSION = YES;
				CLANG_WARN_INT_CONVERSION = YES;
				CLANG_WARN_NON_LITERAL_NULL_CONVERSION = YES;
				CLANG_WARN_OBJC_LITERAL_CONVERSION = YES;
				CLANG_WARN_OBJC_ROOT_CLASS = YES_ERROR;
				CLANG_WARN_RANGE_LOOP_ANALYSIS = YES;
				CLANG_WARN_STRICT_PROTOTYPES = YES;
				CLANG_WARN_SUSPICIOUS_MOVE = YES;
				CLANG_WARN_UNGUARDED_AVAILABILITY = YES_AGGRESSIVE;
				CLANG_WARN_UNREACHABLE_CODE = YES;
				CLANG_WARN__DUPLICATE_METHOD_MATCH = YES;
				CODE_SIGN_IDENTITY = "-";
				COPY_PHASE_STRIP = NO;
				DEBUG_INFORMATION_FORMAT = "dwarf-with-dsym";
				ENABLE_NS_ASSERTIONS = NO;
				ENABLE_STRICT_OBJC_MSGSEND = YES;
				GCC_C_LANGUAGE_STANDARD = gnu11;
				GCC_NO_COMMON_BLOCKS = YES;
				GCC_WARN_64_TO_32_BIT_CONVERSION = YES;
				GCC_WARN_ABOUT_RETURN_TYPE = YES_ERROR;
				GCC_WARN_UNDECLARED_SELECTOR = YES;
				GCC_WARN_UNINITIALIZED_AUTOS = YES_AGGRESSIVE;
				GCC_WARN_UNUSED_FUNCTION = YES;
				GCC_WARN_UNUSED_VARIABLE = YES;
				MACOSX_DEPLOYMENT_TARGET = 10.13;
				MTL_ENABLE_DEBUG_INFO = NO;
				SDKROOT = macosx;
			};
			name = Release;
		};
		D8AA3B952033D28500C5A1E2 /* Debug */ = {
			isa = XCBuildConfiguration;
			buildSettings = {
				CODE_SIGN_STYLE = Automatic;
				PRODUCT_NAME = "$(TARGET_NAME)";
			};
			name = Debug;
		};
		D8AA3B962033D28500C5A1E2 /* Release */ = {
			isa = XCBuildConfiguration;
			buildSettings = {
				CODE_SIGN_STYLE = Automatic;
				PRODUCT_NAME = "$(TARGET_NAME)";
			};
			name = Release;
		};
/* End XCBuildConfiguration section */

/* Begin XCConfigurationList section */
		D8AA3B882033D28500C5A1E2 /* Build configuration list for PBXProject "Maths" */ = {
			isa = XCConfigurationList;
			buildConfigurations = (
				D8AA3B922033D28500C5A1E2 /* Debug */,
				D8AA3B932033D28500C5A1E2 /* Release */,
			);
			defaultConfigurationIsVisible = 0;
			defaultConfigurationName = Release;
		};
		D8AA3B942033D28500C5A1E2 /* Build configuration list for PBXNativeTarget "Maths" */ = {
			isa = XCConfigurationList;
			buildConfigurations = (
				D8AA3B952033D28500C5A1E2 /* Debug */,
				D8AA3B962033D28500C5A1E2 /* Release */,
			);
			defaultConfigurationIsVisible = 0;
			defaultConfigurationName = Release;
		};
/* End XCConfigurationList section */
	};
	rootObject = D8AA3B852033D28500C5A1E2 /* Project object */;
}
